{
  "name": "app",
  "lockfileVersion": 3,
  "requires": true,
  "packages": {
    "": {
      "dependencies": {
        "@dimforge/rapier3d": "^0.17.3",
        "three": "^0.178.0"
      }
    },
    "node_modules/@dimforge/rapier3d": {
      "version": "0.17.3",
      "resolved": "https://registry.npmjs.org/@dimforge/rapier3d/-/rapier3d-0.17.3.tgz",
      "integrity": "sha512-//CVavUmqsIv66M/0zFVZBYsx5vWuOXVAsxEhcjBXlDiNqsX0d0I4/9G2ArHGKXTvGxcYorJ7PbLumlNY0weJQ==",
      "license": "Apache-2.0"
    },
    "node_modules/three": {
      "version": "0.178.0",
      "resolved": "https://registry.npmjs.org/three/-/three-0.178.0.tgz",
      "integrity": "sha512-ybFIB0+x8mz0wnZgSGy2MO/WCO6xZhQSZnmfytSPyNpM0sBafGRVhdaj+erYh5U+RhQOAg/eXqw5uVDiM2BjhQ==",
      "license": "MIT"
    }
  }
}
